{
  "name": "minute-clinic-sdk-mini-demo",
  "version": "1.0.0",
  "lockfileVersion": 1,
  "requires": true,
  "dependencies": {
    "mcbluetoothsdk": {
      "version": "1.0.22",
      "resolved": "https://registry.npmjs.org/mcbluetoothsdk/-/mcbluetoothsdk-1.0.22.tgz",
      "integrity": "sha512-847JjSA/piWPj02u++IZA6v19t7k9xuiwIBrl3xiFIUMQDDvUVeqosZwWo7YiMYpRJyzbek4dillON0iM6U0rw=="
    }
  }
}
